// !$*UTF8*$!
{
	archiveVersion = 1;
	classes = {
	};
	objectVersion = 46;
	objects = {

/* Begin PBXBuildFile section */
		561C43F81EA15C2100BC072B /* RegisterViewController.swift in Sources */ = {isa = PBXBuildFile; fileRef = 561C43F71EA15C2100BC072B /* RegisterViewController.swift */; };
		5626CAEB1EA3E46900997082 /* ArticleViewCell.swift in Sources */ = {isa = PBXBuildFile; fileRef = 5626CAEA1EA3E46900997082 /* ArticleViewCell.swift */; };
		5626CAED1EA3F03F00997082 /* MovementProtocol.swift in Sources */ = {isa = PBXBuildFile; fileRef = 5626CAEC1EA3F03F00997082 /* MovementProtocol.swift */; };
		5626CAEF1EA3F3F000997082 /* MovementRepository.swift in Sources */ = {isa = PBXBuildFile; fileRef = 5626CAEE1EA3F3F000997082 /* MovementRepository.swift */; };
		5626CAF11EA3F57D00997082 /* IoCContainer.swift in Sources */ = {isa = PBXBuildFile; fileRef = 5626CAF01EA3F57D00997082 /* IoCContainer.swift */; };
		5626CAF31EA42CC500997082 /* MovementArticleProtocol.swift in Sources */ = {isa = PBXBuildFile; fileRef = 5626CAF21EA42CC500997082 /* MovementArticleProtocol.swift */; };
		5626CAF51EA42D6800997082 /* MovementArticleRepository.swift in Sources */ = {isa = PBXBuildFile; fileRef = 5626CAF41EA42D6800997082 /* MovementArticleRepository.swift */; };
		562BDAED1EA0C1EF00B8C7D6 /* MovementsViewController.swift in Sources */ = {isa = PBXBuildFile; fileRef = 562BDAEC1EA0C1EF00B8C7D6 /* MovementsViewController.swift */; };
		562BDAF31EA0CC7B00B8C7D6 /* CoreData.framework in Frameworks */ = {isa = PBXBuildFile; fileRef = 562BDAF21EA0CC7B00B8C7D6 /* CoreData.framework */; };
		562BDAF61EA0CC9D00B8C7D6 /* Model.xcdatamodeld in Sources */ = {isa = PBXBuildFile; fileRef = 562BDAF41EA0CC9D00B8C7D6 /* Model.xcdatamodeld */; };
		567A40EB1EADF0F9003A6A33 /* CustomerViewController.swift in Sources */ = {isa = PBXBuildFile; fileRef = 567A40EA1EADF0F9003A6A33 /* CustomerViewController.swift */; };
		56ECF5951EA4B655001B9E21 /* Extensions.swift in Sources */ = {isa = PBXBuildFile; fileRef = 56ECF5941EA4B655001B9E21 /* Extensions.swift */; };
		56ECF5971EA4B6D4001B9E21 /* Synchronizer.swift in Sources */ = {isa = PBXBuildFile; fileRef = 56ECF5961EA4B6D4001B9E21 /* Synchronizer.swift */; };
		56FE39971E9EB60C007FE7F5 /* AppDelegate.swift in Sources */ = {isa = PBXBuildFile; fileRef = 56FE39961E9EB60C007FE7F5 /* AppDelegate.swift */; };
		56FE39991E9EB60C007FE7F5 /* MovementViewController.swift in Sources */ = {isa = PBXBuildFile; fileRef = 56FE39981E9EB60C007FE7F5 /* MovementViewController.swift */; };
		56FE399B1E9EB60C007FE7F5 /* BarcodeViewController.swift in Sources */ = {isa = PBXBuildFile; fileRef = 56FE399A1E9EB60C007FE7F5 /* BarcodeViewController.swift */; };
		56FE399E1E9EB60C007FE7F5 /* Main.storyboard in Resources */ = {isa = PBXBuildFile; fileRef = 56FE399C1E9EB60C007FE7F5 /* Main.storyboard */; };
		56FE39A01E9EB60C007FE7F5 /* Assets.xcassets in Resources */ = {isa = PBXBuildFile; fileRef = 56FE399F1E9EB60C007FE7F5 /* Assets.xcassets */; };
		56FE39A31E9EB60C007FE7F5 /* LaunchScreen.storyboard in Resources */ = {isa = PBXBuildFile; fileRef = 56FE39A11E9EB60C007FE7F5 /* LaunchScreen.storyboard */; };
/* End PBXBuildFile section */

/* Begin PBXFileReference section */
		561C43F71EA15C2100BC072B /* RegisterViewController.swift */ = {isa = PBXFileReference; fileEncoding = 4; lastKnownFileType = sourcecode.swift; path = RegisterViewController.swift; sourceTree = "<group>"; };
		5626CAEA1EA3E46900997082 /* ArticleViewCell.swift */ = {isa = PBXFileReference; fileEncoding = 4; lastKnownFileType = sourcecode.swift; path = ArticleViewCell.swift; sourceTree = "<group>"; };
		5626CAEC1EA3F03F00997082 /* MovementProtocol.swift */ = {isa = PBXFileReference; fileEncoding = 4; lastKnownFileType = sourcecode.swift; path = MovementProtocol.swift; sourceTree = "<group>"; };
		5626CAEE1EA3F3F000997082 /* MovementRepository.swift */ = {isa = PBXFileReference; fileEncoding = 4; lastKnownFileType = sourcecode.swift; path = MovementRepository.swift; sourceTree = "<group>"; };
		5626CAF01EA3F57D00997082 /* IoCContainer.swift */ = {isa = PBXFileReference; fileEncoding = 4; lastKnownFileType = sourcecode.swift; path = IoCContainer.swift; sourceTree = "<group>"; };
		5626CAF21EA42CC500997082 /* MovementArticleProtocol.swift */ = {isa = PBXFileReference; fileEncoding = 4; lastKnownFileType = sourcecode.swift; path = MovementArticleProtocol.swift; sourceTree = "<group>"; };
		5626CAF41EA42D6800997082 /* MovementArticleRepository.swift */ = {isa = PBXFileReference; fileEncoding = 4; lastKnownFileType = sourcecode.swift; path = MovementArticleRepository.swift; sourceTree = "<group>"; };
		562BDAEC1EA0C1EF00B8C7D6 /* MovementsViewController.swift */ = {isa = PBXFileReference; fileEncoding = 4; lastKnownFileType = sourcecode.swift; path = MovementsViewController.swift; sourceTree = "<group>"; };
		562BDAF21EA0CC7B00B8C7D6 /* CoreData.framework */ = {isa = PBXFileReference; lastKnownFileType = wrapper.framework; name = CoreData.framework; path = System/Library/Frameworks/CoreData.framework; sourceTree = SDKROOT; };
		562BDAF51EA0CC9D00B8C7D6 /* Model.xcdatamodel */ = {isa = PBXFileReference; lastKnownFileType = wrapper.xcdatamodel; path = Model.xcdatamodel; sourceTree = "<group>"; };
		567A40EA1EADF0F9003A6A33 /* CustomerViewController.swift */ = {isa = PBXFileReference; fileEncoding = 4; lastKnownFileType = sourcecode.swift; path = CustomerViewController.swift; sourceTree = "<group>"; };
		56ECF5941EA4B655001B9E21 /* Extensions.swift */ = {isa = PBXFileReference; fileEncoding = 4; lastKnownFileType = sourcecode.swift; path = Extensions.swift; sourceTree = "<group>"; };
		56ECF5961EA4B6D4001B9E21 /* Synchronizer.swift */ = {isa = PBXFileReference; fileEncoding = 4; lastKnownFileType = sourcecode.swift; path = Synchronizer.swift; sourceTree = "<group>"; };
		56FE39931E9EB60C007FE7F5 /* iWebretail.app */ = {isa = PBXFileReference; explicitFileType = wrapper.application; includeInIndex = 0; path = iWebretail.app; sourceTree = BUILT_PRODUCTS_DIR; };
		56FE39961E9EB60C007FE7F5 /* AppDelegate.swift */ = {isa = PBXFileReference; lastKnownFileType = sourcecode.swift; path = AppDelegate.swift; sourceTree = "<group>"; };
		56FE39981E9EB60C007FE7F5 /* MovementViewController.swift */ = {isa = PBXFileReference; lastKnownFileType = sourcecode.swift; path = MovementViewController.swift; sourceTree = "<group>"; };
		56FE399A1E9EB60C007FE7F5 /* BarcodeViewController.swift */ = {isa = PBXFileReference; lastKnownFileType = sourcecode.swift; path = BarcodeViewController.swift; sourceTree = "<group>"; };
		56FE399D1E9EB60C007FE7F5 /* Base */ = {isa = PBXFileReference; lastKnownFileType = file.storyboard; name = Base; path = Base.lproj/Main.storyboard; sourceTree = "<group>"; };
		56FE399F1E9EB60C007FE7F5 /* Assets.xcassets */ = {isa = PBXFileReference; lastKnownFileType = folder.assetcatalog; path = Assets.xcassets; sourceTree = "<group>"; };
		56FE39A21E9EB60C007FE7F5 /* Base */ = {isa = PBXFileReference; lastKnownFileType = file.storyboard; name = Base; path = Base.lproj/LaunchScreen.storyboard; sourceTree = "<group>"; };
		56FE39A41E9EB60C007FE7F5 /* Info.plist */ = {isa = PBXFileReference; lastKnownFileType = text.plist.xml; path = Info.plist; sourceTree = "<group>"; };
/* End PBXFileReference section */

/* Begin PBXFrameworksBuildPhase section */
		56FE39901E9EB60C007FE7F5 /* Frameworks */ = {
			isa = PBXFrameworksBuildPhase;
			buildActionMask = 2147483647;
			files = (
				562BDAF31EA0CC7B00B8C7D6 /* CoreData.framework in Frameworks */,
			);
			runOnlyForDeploymentPostprocessing = 0;
		};
/* End PBXFrameworksBuildPhase section */

/* Begin PBXGroup section */
		562BDAF11EA0CC7B00B8C7D6 /* Frameworks */ = {
			isa = PBXGroup;
			children = (
				562BDAF21EA0CC7B00B8C7D6 /* CoreData.framework */,
			);
			name = Frameworks;
			sourceTree = "<group>";
		};
		567A40EC1EADF131003A6A33 /* Resources */ = {
			isa = PBXGroup;
			children = (
				56FE399F1E9EB60C007FE7F5 /* Assets.xcassets */,
				56FE399C1E9EB60C007FE7F5 /* Main.storyboard */,
				56FE39A11E9EB60C007FE7F5 /* LaunchScreen.storyboard */,
				56FE39A41E9EB60C007FE7F5 /* Info.plist */,
				562BDAF41EA0CC9D00B8C7D6 /* Model.xcdatamodeld */,
			);
			name = Resources;
			sourceTree = "<group>";
		};
		56FE398A1E9EB60C007FE7F5 = {
			isa = PBXGroup;
			children = (
				56FE39951E9EB60C007FE7F5 /* iWebretail */,
				56FE39941E9EB60C007FE7F5 /* Products */,
				562BDAF11EA0CC7B00B8C7D6 /* Frameworks */,
			);
			sourceTree = "<group>";
		};
		56FE39941E9EB60C007FE7F5 /* Products */ = {
			isa = PBXGroup;
			children = (
				56FE39931E9EB60C007FE7F5 /* iWebretail.app */,
			);
			name = Products;
			sourceTree = "<group>";
		};
		56FE39951E9EB60C007FE7F5 /* iWebretail */ = {
			isa = PBXGroup;
			children = (
				567A40EC1EADF131003A6A33 /* Resources */,
				56FE39961E9EB60C007FE7F5 /* AppDelegate.swift */,
				5626CAEA1EA3E46900997082 /* ArticleViewCell.swift */,
				56FE399A1E9EB60C007FE7F5 /* BarcodeViewController.swift */,
				567A40EA1EADF0F9003A6A33 /* CustomerViewController.swift */,
				56ECF5941EA4B655001B9E21 /* Extensions.swift */,
				5626CAF01EA3F57D00997082 /* IoCContainer.swift */,
				5626CAF21EA42CC500997082 /* MovementArticleProtocol.swift */,
				5626CAF41EA42D6800997082 /* MovementArticleRepository.swift */,
				5626CAEC1EA3F03F00997082 /* MovementProtocol.swift */,
				5626CAEE1EA3F3F000997082 /* MovementRepository.swift */,
				562BDAEC1EA0C1EF00B8C7D6 /* MovementsViewController.swift */,
				56FE39981E9EB60C007FE7F5 /* MovementViewController.swift */,
				561C43F71EA15C2100BC072B /* RegisterViewController.swift */,
				56ECF5961EA4B6D4001B9E21 /* Synchronizer.swift */,
			);
			path = iWebretail;
			sourceTree = "<group>";
		};
/* End PBXGroup section */

/* Begin PBXNativeTarget section */
		56FE39921E9EB60C007FE7F5 /* iWebretail */ = {
			isa = PBXNativeTarget;
			buildConfigurationList = 56FE39A71E9EB60C007FE7F5 /* Build configuration list for PBXNativeTarget "iWebretail" */;
			buildPhases = (
				56FE398F1E9EB60C007FE7F5 /* Sources */,
				56FE39901E9EB60C007FE7F5 /* Frameworks */,
				56FE39911E9EB60C007FE7F5 /* Resources */,
			);
			buildRules = (
			);
			dependencies = (
			);
			name = iWebretail;
			productName = iWebretail;
			productReference = 56FE39931E9EB60C007FE7F5 /* iWebretail.app */;
			productType = "com.apple.product-type.application";
		};
/* End PBXNativeTarget section */

/* Begin PBXProject section */
		56FE398B1E9EB60C007FE7F5 /* Project object */ = {
			isa = PBXProject;
			attributes = {
				LastSwiftUpdateCheck = 0830;
				LastUpgradeCheck = 0830;
				ORGANIZATIONNAME = "Gerardo Grisolini";
				TargetAttributes = {
					56FE39921E9EB60C007FE7F5 = {
						CreatedOnToolsVersion = 8.3.1;
						DevelopmentTeam = 9DRA485AMF;
						ProvisioningStyle = Automatic;
					};
				};
			};
			buildConfigurationList = 56FE398E1E9EB60C007FE7F5 /* Build configuration list for PBXProject "iWebretail" */;
			compatibilityVersion = "Xcode 3.2";
			developmentRegion = English;
			hasScannedForEncodings = 0;
			knownRegions = (
				en,
				Base,
			);
			mainGroup = 56FE398A1E9EB60C007FE7F5;
			productRefGroup = 56FE39941E9EB60C007FE7F5 /* Products */;
			projectDirPath = "";
			projectRoot = "";
			targets = (
				56FE39921E9EB60C007FE7F5 /* iWebretail */,
			);
		};
/* End PBXProject section */

/* Begin PBXResourcesBuildPhase section */
		56FE39911E9EB60C007FE7F5 /* Resources */ = {
			isa = PBXResourcesBuildPhase;
			buildActionMask = 2147483647;
			files = (
				56FE39A31E9EB60C007FE7F5 /* LaunchScreen.storyboard in Resources */,
				56FE39A01E9EB60C007FE7F5 /* Assets.xcassets in Resources */,
				56FE399E1E9EB60C007FE7F5 /* Main.storyboard in Resources */,
			);
			runOnlyForDeploymentPostprocessing = 0;
		};
/* End PBXResourcesBuildPhase section */

/* Begin PBXSourcesBuildPhase section */
		56FE398F1E9EB60C007FE7F5 /* Sources */ = {
			isa = PBXSourcesBuildPhase;
			buildActionMask = 2147483647;
			files = (
				562BDAED1EA0C1EF00B8C7D6 /* MovementsViewController.swift in Sources */,
				56FE399B1E9EB60C007FE7F5 /* BarcodeViewController.swift in Sources */,
				56FE39971E9EB60C007FE7F5 /* AppDelegate.swift in Sources */,
				5626CAF11EA3F57D00997082 /* IoCContainer.swift in Sources */,
				5626CAEF1EA3F3F000997082 /* MovementRepository.swift in Sources */,
				5626CAF51EA42D6800997082 /* MovementArticleRepository.swift in Sources */,
				56FE39991E9EB60C007FE7F5 /* MovementViewController.swift in Sources */,
				5626CAF31EA42CC500997082 /* MovementArticleProtocol.swift in Sources */,
				56ECF5951EA4B655001B9E21 /* Extensions.swift in Sources */,
				562BDAF61EA0CC9D00B8C7D6 /* Model.xcdatamodeld in Sources */,
				561C43F81EA15C2100BC072B /* RegisterViewController.swift in Sources */,
				5626CAED1EA3F03F00997082 /* MovementProtocol.swift in Sources */,
				567A40EB1EADF0F9003A6A33 /* CustomerViewController.swift in Sources */,
				56ECF5971EA4B6D4001B9E21 /* Synchronizer.swift in Sources */,
				5626CAEB1EA3E46900997082 /* ArticleViewCell.swift in Sources */,
			);
			runOnlyForDeploymentPostprocessing = 0;
		};
/* End PBXSourcesBuildPhase section */

/* Begin PBXVariantGroup section */
		56FE399C1E9EB60C007FE7F5 /* Main.storyboard */ = {
			isa = PBXVariantGroup;
			children = (
				56FE399D1E9EB60C007FE7F5 /* Base */,
			);
			name = Main.storyboard;
			sourceTree = "<group>";
		};
		56FE39A11E9EB60C007FE7F5 /* LaunchScreen.storyboard */ = {
			isa = PBXVariantGroup;
			children = (
				56FE39A21E9EB60C007FE7F5 /* Base */,
			);
			name = LaunchScreen.storyboard;
			sourceTree = "<group>";
		};
/* End PBXVariantGroup section */

/* Begin XCBuildConfiguration section */
		56FE39A51E9EB60C007FE7F5 /* Debug */ = {
			isa = XCBuildConfiguration;
			buildSettings = {
				ALWAYS_SEARCH_USER_PATHS = NO;
				CLANG_ANALYZER_NONNULL = YES;
				CLANG_ANALYZER_NUMBER_OBJECT_CONVERSION = YES_AGGRESSIVE;
				CLANG_CXX_LANGUAGE_STANDARD = "gnu++0x";
				CLANG_CXX_LIBRARY = "libc++";
				CLANG_ENABLE_MODULES = YES;
				CLANG_ENABLE_OBJC_ARC = YES;
				CLANG_WARN_BOOL_CONVERSION = YES;
				CLANG_WARN_CONSTANT_CONVERSION = YES;
				CLANG_WARN_DIRECT_OBJC_ISA_USAGE = YES_ERROR;
				CLANG_WARN_DOCUMENTATION_COMMENTS = YES;
				CLANG_WARN_EMPTY_BODY = YES;
				CLANG_WARN_ENUM_CONVERSION = YES;
				CLANG_WARN_INFINITE_RECURSION = YES;
				CLANG_WARN_INT_CONVERSION = YES;
				CLANG_WARN_OBJC_ROOT_CLASS = YES_ERROR;
				CLANG_WARN_SUSPICIOUS_MOVE = YES;
				CLANG_WARN_UNREACHABLE_CODE = YES;
				CLANG_WARN__DUPLICATE_METHOD_MATCH = YES;
				"CODE_SIGN_IDENTITY[sdk=iphoneos*]" = "iPhone Developer";
				COPY_PHASE_STRIP = NO;
				DEBUG_INFORMATION_FORMAT = dwarf;
				ENABLE_STRICT_OBJC_MSGSEND = YES;
				ENABLE_TESTABILITY = YES;
				GCC_C_LANGUAGE_STANDARD = gnu99;
				GCC_DYNAMIC_NO_PIC = NO;
				GCC_NO_COMMON_BLOCKS = YES;
				GCC_OPTIMIZATION_LEVEL = 0;
				GCC_PREPROCESSOR_DEFINITIONS = (
					"DEBUG=1",
					"$(inherited)",
				);
				GCC_WARN_64_TO_32_BIT_CONVERSION = YES;
				GCC_WARN_ABOUT_RETURN_TYPE = YES_ERROR;
				GCC_WARN_UNDECLARED_SELECTOR = YES;
				GCC_WARN_UNINITIALIZED_AUTOS = YES_AGGRESSIVE;
				GCC_WARN_UNUSED_FUNCTION = YES;
				GCC_WARN_UNUSED_VARIABLE = YES;
				IPHONEOS_DEPLOYMENT_TARGET = 10.3;
				MTL_ENABLE_DEBUG_INFO = YES;
				ONLY_ACTIVE_ARCH = YES;
				SDKROOT = iphoneos;
				SWIFT_ACTIVE_COMPILATION_CONDITIONS = DEBUG;
				SWIFT_OPTIMIZATION_LEVEL = "-Onone";
				TARGETED_DEVICE_FAMILY = "1,2";
			};
			name = Debug;
		};
		56FE39A61E9EB60C007FE7F5 /* Release */ = {
			isa = XCBuildConfiguration;
			buildSettings = {
				ALWAYS_SEARCH_USER_PATHS = NO;
				CLANG_ANALYZER_NONNULL = YES;
				CLANG_ANALYZER_NUMBER_OBJECT_CONVERSION = YES_AGGRESSIVE;
				CLANG_CXX_LANGUAGE_STANDARD = "gnu++0x";
				CLANG_CXX_LIBRARY = "libc++";
				CLANG_ENABLE_MODULES = YES;
				CLANG_ENABLE_OBJC_ARC = YES;
				CLANG_WARN_BOOL_CONVERSION = YES;
				CLANG_WARN_CONSTANT_CONVERSION = YES;
				CLANG_WARN_DIRECT_OBJC_ISA_USAGE = YES_ERROR;
				CLANG_WARN_DOCUMENTATION_COMMENTS = YES;
				CLANG_WARN_EMPTY_BODY = YES;
				CLANG_WARN_ENUM_CONVERSION = YES;
				CLANG_WARN_INFINITE_RECURSION = YES;
				CLANG_WARN_INT_CONVERSION = YES;
				CLANG_WARN_OBJC_ROOT_CLASS = YES_ERROR;
				CLANG_WARN_SUSPICIOUS_MOVE = YES;
				CLANG_WARN_UNREACHABLE_CODE = YES;
				CLANG_WARN__DUPLICATE_METHOD_MATCH = YES;
				"CODE_SIGN_IDENTITY[sdk=iphoneos*]" = "iPhone Developer";
				COPY_PHASE_STRIP = NO;
				DEBUG_INFORMATION_FORMAT = "dwarf-with-dsym";
				ENABLE_NS_ASSERTIONS = NO;
				ENABLE_STRICT_OBJC_MSGSEND = YES;
				GCC_C_LANGUAGE_STANDARD = gnu99;
				GCC_NO_COMMON_BLOCKS = YES;
				GCC_WARN_64_TO_32_BIT_CONVERSION = YES;
				GCC_WARN_ABOUT_RETURN_TYPE = YES_ERROR;
				GCC_WARN_UNDECLARED_SELECTOR = YES;
				GCC_WARN_UNINITIALIZED_AUTOS = YES_AGGRESSIVE;
				GCC_WARN_UNUSED_FUNCTION = YES;
				GCC_WARN_UNUSED_VARIABLE = YES;
				IPHONEOS_DEPLOYMENT_TARGET = 10.3;
				MTL_ENABLE_DEBUG_INFO = NO;
				SDKROOT = iphoneos;
				SWIFT_OPTIMIZATION_LEVEL = "-Owholemodule";
				TARGETED_DEVICE_FAMILY = "1,2";
				VALIDATE_PRODUCT = YES;
			};
			name = Release;
		};
		56FE39A81E9EB60C007FE7F5 /* Debug */ = {
			isa = XCBuildConfiguration;
			buildSettings = {
				ASSETCATALOG_COMPILER_APPICON_NAME = AppIcon;
				DEVELOPMENT_TEAM = 9DRA485AMF;
				INFOPLIST_FILE = iWebretail/Info.plist;
				LD_RUNPATH_SEARCH_PATHS = "$(inherited) @executable_path/Frameworks";
				PRODUCT_BUNDLE_IDENTIFIER = com.grisolini.iWebretail;
				PRODUCT_NAME = "$(TARGET_NAME)";
				SWIFT_VERSION = 3.0;
			};
			name = Debug;
		};
		56FE39A91E9EB60C007FE7F5 /* Release */ = {
			isa = XCBuildConfiguration;
			buildSettings = {
				ASSETCATALOG_COMPILER_APPICON_NAME = AppIcon;
				DEVELOPMENT_TEAM = 9DRA485AMF;
				INFOPLIST_FILE = iWebretail/Info.plist;
				LD_RUNPATH_SEARCH_PATHS = "$(inherited) @executable_path/Frameworks";
				PRODUCT_BUNDLE_IDENTIFIER = com.grisolini.iWebretail;
				PRODUCT_NAME = "$(TARGET_NAME)";
				SWIFT_VERSION = 3.0;
			};
			name = Release;
		};
/* End XCBuildConfiguration section */

/* Begin XCConfigurationList section */
		56FE398E1E9EB60C007FE7F5 /* Build configuration list for PBXProject "iWebretail" */ = {
			isa = XCConfigurationList;
			buildConfigurations = (
				56FE39A51E9EB60C007FE7F5 /* Debug */,
				56FE39A61E9EB60C007FE7F5 /* Release */,
			);
			defaultConfigurationIsVisible = 0;
			defaultConfigurationName = Release;
		};
		56FE39A71E9EB60C007FE7F5 /* Build configuration list for PBXNativeTarget "iWebretail" */ = {
			isa = XCConfigurationList;
			buildConfigurations = (
				56FE39A81E9EB60C007FE7F5 /* Debug */,
				56FE39A91E9EB60C007FE7F5 /* Release */,
			);
			defaultConfigurationIsVisible = 0;
			defaultConfigurationName = Release;
		};
/* End XCConfigurationList section */

/* Begin XCVersionGroup section */
		562BDAF41EA0CC9D00B8C7D6 /* Model.xcdatamodeld */ = {
			isa = XCVersionGroup;
			children = (
				562BDAF51EA0CC9D00B8C7D6 /* Model.xcdatamodel */,
			);
			currentVersion = 562BDAF51EA0CC9D00B8C7D6 /* Model.xcdatamodel */;
			path = Model.xcdatamodeld;
			sourceTree = "<group>";
			versionGroupType = wrapper.xcdatamodel;
		};
/* End XCVersionGroup section */
	};
	rootObject = 56FE398B1E9EB60C007FE7F5 /* Project object */;
}
